
Microsoft Visual Studio Solution File, Format Version 12.00
# Visual Studio 15
VisualStudioVersion = 15.0.27130.2027
MinimumVisualStudioVersion = 10.0.40219.1
Project("{8BC9CEB8-8B4A-11D0-8D11-00A0C91BC942}") = "TestApp", "TestApp\TestApp.vcxproj", "{3DD2CDB0-58B0-44E6-8CD6-E3B2E45F6756}"
EndProject
Project("{8BC9CEB8-8B4A-11D0-8D11-00A0C91BC942}") = "IEngine", "IEngine\IEngine.vcxproj", "{BAED9A6C-5CA7-47CA-9DB4-70D64AD85AC8}"
EndProject
Project("{8BC9CEB8-8B4A-11D0-8D11-00A0C91BC942}") = "WindowsOSEngine", "WindowsOSEngine\WindowsOSEngine.vcxproj", "{4F7A77D8-ED75-4AFC-A177-6DECE718B588}"
EndProject
Project("{8BC9CEB8-8B4A-11D0-8D11-00A0C91BC942}") = "DirectInputEngine", "DirectInputEngine\DirectInputEngine.vcxproj", "{902C186A-9BE6-4AD7-81BE-3C79577FEB46}"
EndProject
Project("{8BC9CEB8-8B4A-11D0-8D11-00A0C91BC942}") = "DirectX11GraphicsEngine", "DirectX11GraphicsEngine\DirectX11GraphicsEngine.vcxproj", "{3BDC86AC-FADD-4759-9D2B-3040595758B3}"
EndProject
Project("{8BC9CEB8-8B4A-11D0-8D11-00A0C91BC942}") = "DirectSoundEngine", "DirectSoundEngine\DirectSoundEngine.vcxproj", "{362E422D-AC25-4E2C-883E-1BA5B15A5B9C}"
EndProject
Project("{2150E333-8FDC-42A3-9474-1A3956D46DE8}") = "FontCreator", "FontCreator", "{F6C75D0B-150B-4DBC-B2A9-8ABEDC4C570A}"
EndProject
Project("{8BC9CEB8-8B4A-11D0-8D11-00A0C91BC942}") = "FontCreatorApp", "FontCreatorApp\FontCreatorApp.vcxproj", "{8C5C6D0C-5BB3-42A8-8102-73E3C302F277}"
EndProject
Project("{8BC9CEB8-8B4A-11D0-8D11-00A0C91BC942}") = "GDIGraphicsEngine", "GDIGraphicsEngine\GDIGraphicsEngine.vcxproj", "{BC375A48-A04D-43B6-9EFC-ACC625357E9C}"
EndProject
Project("{2150E333-8FDC-42A3-9474-1A3956D46DE8}") = "DirectX", "DirectX", "{205A3609-353A-4EEA-9831-0F96069E9291}"
EndProject
Project("{2150E333-8FDC-42A3-9474-1A3956D46DE8}") = "WinAPI", "WinAPI", "{D10D7B6F-A062-42E5-B875-BC60F2997CA9}"
EndProject
Global
	GlobalSection(SolutionConfigurationPlatforms) = preSolution
		Debug|x64 = Debug|x64
		Debug|x86 = Debug|x86
		Release|x64 = Release|x64
		Release|x86 = Release|x86
	EndGlobalSection
	GlobalSection(ProjectConfigurationPlatforms) = postSolution
		{3DD2CDB0-58B0-44E6-8CD6-E3B2E45F6756}.Debug|x64.ActiveCfg = Debug|x64
		{3DD2CDB0-58B0-44E6-8CD6-E3B2E45F6756}.Debug|x64.Build.0 = Debug|x64
		{3DD2CDB0-58B0-44E6-8CD6-E3B2E45F6756}.Debug|x86.ActiveCfg = Debug|Win32
		{3DD2CDB0-58B0-44E6-8CD6-E3B2E45F6756}.Debug|x86.Build.0 = Debug|Win32
		{3DD2CDB0-58B0-44E6-8CD6-E3B2E45F6756}.Release|x64.ActiveCfg = Release|x64
		{3DD2CDB0-58B0-44E6-8CD6-E3B2E45F6756}.Release|x64.Build.0 = Release|x64
		{3DD2CDB0-58B0-44E6-8CD6-E3B2E45F6756}.Release|x86.ActiveCfg = Release|Win32
		{3DD2CDB0-58B0-44E6-8CD6-E3B2E45F6756}.Release|x86.Build.0 = Release|Win32
		{BAED9A6C-5CA7-47CA-9DB4-70D64AD85AC8}.Debug|x64.ActiveCfg = Debug|x64
		{BAED9A6C-5CA7-47CA-9DB4-70D64AD85AC8}.Debug|x64.Build.0 = Debug|x64
		{BAED9A6C-5CA7-47CA-9DB4-70D64AD85AC8}.Debug|x86.ActiveCfg = Debug|Win32
		{BAED9A6C-5CA7-47CA-9DB4-70D64AD85AC8}.Debug|x86.Build.0 = Debug|Win32
		{BAED9A6C-5CA7-47CA-9DB4-70D64AD85AC8}.Release|x64.ActiveCfg = Release|x64
		{BAED9A6C-5CA7-47CA-9DB4-70D64AD85AC8}.Release|x64.Build.0 = Release|x64
		{BAED9A6C-5CA7-47CA-9DB4-70D64AD85AC8}.Release|x86.ActiveCfg = Release|Win32
		{BAED9A6C-5CA7-47CA-9DB4-70D64AD85AC8}.Release|x86.Build.0 = Release|Win32
		{4F7A77D8-ED75-4AFC-A177-6DECE718B588}.Debug|x64.ActiveCfg = Debug|x64
		{4F7A77D8-ED75-4AFC-A177-6DECE718B588}.Debug|x64.Build.0 = Debug|x64
		{4F7A77D8-ED75-4AFC-A177-6DECE718B588}.Debug|x86.ActiveCfg = Debug|Win32
		{4F7A77D8-ED75-4AFC-A177-6DECE718B588}.Debug|x86.Build.0 = Debug|Win32
		{4F7A77D8-ED75-4AFC-A177-6DECE718B588}.Release|x64.ActiveCfg = Release|x64
		{4F7A77D8-ED75-4AFC-A177-6DECE718B588}.Release|x64.Build.0 = Release|x64
		{4F7A77D8-ED75-4AFC-A177-6DECE718B588}.Release|x86.ActiveCfg = Release|Win32
		{4F7A77D8-ED75-4AFC-A177-6DECE718B588}.Release|x86.Build.0 = Release|Win32
		{902C186A-9BE6-4AD7-81BE-3C79577FEB46}.Debug|x64.ActiveCfg = Debug|x64
		{902C186A-9BE6-4AD7-81BE-3C79577FEB46}.Debug|x64.Build.0 = Debug|x64
		{902C186A-9BE6-4AD7-81BE-3C79577FEB46}.Debug|x86.ActiveCfg = Debug|Win32
		{902C186A-9BE6-4AD7-81BE-3C79577FEB46}.Debug|x86.Build.0 = Debug|Win32
		{902C186A-9BE6-4AD7-81BE-3C79577FEB46}.Release|x64.ActiveCfg = Release|x64
		{902C186A-9BE6-4AD7-81BE-3C79577FEB46}.Release|x64.Build.0 = Release|x64
		{902C186A-9BE6-4AD7-81BE-3C79577FEB46}.Release|x86.ActiveCfg = Release|Win32
		{902C186A-9BE6-4AD7-81BE-3C79577FEB46}.Release|x86.Build.0 = Release|Win32
		{3BDC86AC-FADD-4759-9D2B-3040595758B3}.Debug|x64.ActiveCfg = Debug|x64
		{3BDC86AC-FADD-4759-9D2B-3040595758B3}.Debug|x64.Build.0 = Debug|x64
		{3BDC86AC-FADD-4759-9D2B-3040595758B3}.Debug|x86.ActiveCfg = Debug|Win32
		{3BDC86AC-FADD-4759-9D2B-3040595758B3}.Debug|x86.Build.0 = Debug|Win32
		{3BDC86AC-FADD-4759-9D2B-3040595758B3}.Release|x64.ActiveCfg = Release|x64
		{3BDC86AC-FADD-4759-9D2B-3040595758B3}.Release|x64.Build.0 = Release|x64
		{3BDC86AC-FADD-4759-9D2B-3040595758B3}.Release|x86.ActiveCfg = Release|Win32
		{3BDC86AC-FADD-4759-9D2B-3040595758B3}.Release|x86.Build.0 = Release|Win32
		{362E422D-AC25-4E2C-883E-1BA5B15A5B9C}.Debug|x64.ActiveCfg = Debug|x64
		{362E422D-AC25-4E2C-883E-1BA5B15A5B9C}.Debug|x64.Build.0 = Debug|x64
		{362E422D-AC25-4E2C-883E-1BA5B15A5B9C}.Debug|x86.ActiveCfg = Debug|Win32
		{362E422D-AC25-4E2C-883E-1BA5B15A5B9C}.Debug|x86.Build.0 = Debug|Win32
		{362E422D-AC25-4E2C-883E-1BA5B15A5B9C}.Release|x64.ActiveCfg = Release|x64
		{362E422D-AC25-4E2C-883E-1BA5B15A5B9C}.Release|x64.Build.0 = Release|x64
		{362E422D-AC25-4E2C-883E-1BA5B15A5B9C}.Release|x86.ActiveCfg = Release|Win32
		{362E422D-AC25-4E2C-883E-1BA5B15A5B9C}.Release|x86.Build.0 = Release|Win32
		{8C5C6D0C-5BB3-42A8-8102-73E3C302F277}.Debug|x64.ActiveCfg = Debug|x64
		{8C5C6D0C-5BB3-42A8-8102-73E3C302F277}.Debug|x64.Build.0 = Debug|x64
		{8C5C6D0C-5BB3-42A8-8102-73E3C302F277}.Debug|x86.ActiveCfg = Debug|Win32
		{8C5C6D0C-5BB3-42A8-8102-73E3C302F277}.Debug|x86.Build.0 = Debug|Win32
		{8C5C6D0C-5BB3-42A8-8102-73E3C302F277}.Release|x64.ActiveCfg = Release|x64
		{8C5C6D0C-5BB3-42A8-8102-73E3C302F277}.Release|x64.Build.0 = Release|x64
		{8C5C6D0C-5BB3-42A8-8102-73E3C302F277}.Release|x86.ActiveCfg = Release|Win32
		{8C5C6D0C-5BB3-42A8-8102-73E3C302F277}.Release|x86.Build.0 = Release|Win32
		{BC375A48-A04D-43B6-9EFC-ACC625357E9C}.Debug|x64.ActiveCfg = Debug|x64
		{BC375A48-A04D-43B6-9EFC-ACC625357E9C}.Debug|x64.Build.0 = Debug|x64
		{BC375A48-A04D-43B6-9EFC-ACC625357E9C}.Debug|x86.ActiveCfg = Debug|Win32
		{BC375A48-A04D-43B6-9EFC-ACC625357E9C}.Debug|x86.Build.0 = Debug|Win32
		{BC375A48-A04D-43B6-9EFC-ACC625357E9C}.Release|x64.ActiveCfg = Release|x64
		{BC375A48-A04D-43B6-9EFC-ACC625357E9C}.Release|x64.Build.0 = Release|x64
		{BC375A48-A04D-43B6-9EFC-ACC625357E9C}.Release|x86.ActiveCfg = Release|Win32
		{BC375A48-A04D-43B6-9EFC-ACC625357E9C}.Release|x86.Build.0 = Release|Win32
	EndGlobalSection
	GlobalSection(SolutionProperties) = preSolution
		HideSolutionNode = FALSE
	EndGlobalSection
	GlobalSection(NestedProjects) = preSolution
		{4F7A77D8-ED75-4AFC-A177-6DECE718B588} = {D10D7B6F-A062-42E5-B875-BC60F2997CA9}
		{902C186A-9BE6-4AD7-81BE-3C79577FEB46} = {205A3609-353A-4EEA-9831-0F96069E9291}
		{3BDC86AC-FADD-4759-9D2B-3040595758B3} = {205A3609-353A-4EEA-9831-0F96069E9291}
		{362E422D-AC25-4E2C-883E-1BA5B15A5B9C} = {205A3609-353A-4EEA-9831-0F96069E9291}
		{8C5C6D0C-5BB3-42A8-8102-73E3C302F277} = {F6C75D0B-150B-4DBC-B2A9-8ABEDC4C570A}
		{BC375A48-A04D-43B6-9EFC-ACC625357E9C} = {D10D7B6F-A062-42E5-B875-BC60F2997CA9}
	EndGlobalSection
	GlobalSection(ExtensibilityGlobals) = postSolution
		SolutionGuid = {F47A0239-8FA0-4136-A874-17BAC48AF25A}
	EndGlobalSection
EndGlobal
